
Microsoft Visual Studio Solution File, Format Version 12.00
# Visual Studio Version 16
VisualStudioVersion = 16.0.29613.14
MinimumVisualStudioVersion = 10.0.40219.1
Project("{FAE04EC0-301F-11D3-BF4B-00C04F79EFBC}") = "ifElseStatementsLPB", "ifElseStatementsLPB.csproj", "{2565A9A0-093C-48F2-9A32-93770F0CDD9A}"
EndProject
Global
	GlobalSection(SolutionConfigurationPlatforms) = preSolution
		Debug|Any CPU = Debug|Any CPU
		Release|Any CPU = Release|Any CPU
	EndGlobalSection
	GlobalSection(ProjectConfigurationPlatforms) = postSolution
		{2565A9A0-093C-48F2-9A32-93770F0CDD9A}.Debug|Any CPU.ActiveCfg = Debug|Any CPU
		{2565A9A0-093C-48F2-9A32-93770F0CDD9A}.Debug|Any CPU.Build.0 = Debug|Any CPU
		{2565A9A0-093C-48F2-9A32-93770F0CDD9A}.Release|Any CPU.ActiveCfg = Release|Any CPU
		{2565A9A0-093C-48F2-9A32-93770F0CDD9A}.Release|Any CPU.Build.0 = Release|Any CPU
	EndGlobalSection
	GlobalSection(SolutionProperties) = preSolution
		HideSolutionNode = FALSE
	EndGlobalSection
	GlobalSection(ExtensibilityGlobals) = postSolution
		SolutionGuid = {01AE4E30-6318-4968-A67A-26AD577E7894}
	EndGlobalSection
EndGlobal
